
Microsoft Visual Studio Solution File, Format Version 12.00
# Visual Studio 15
VisualStudioVersion = 15.0.28307.489
MinimumVisualStudioVersion = 10.0.40219.1
Project("{FAE04EC0-301F-11D3-BF4B-00C04F79EFBC}") = "KelimeOgrenProje", "KelimeOgrenProje\KelimeOgrenProje.csproj", "{46055DA6-44E2-4B42-99BA-46E5D4BA5C38}"
EndProject
Global
	GlobalSection(SolutionConfigurationPlatforms) = preSolution
		Debug|Any CPU = Debug|Any CPU
		Release|Any CPU = Release|Any CPU
	EndGlobalSection
	GlobalSection(ProjectConfigurationPlatforms) = postSolution
		{46055DA6-44E2-4B42-99BA-46E5D4BA5C38}.Debug|Any CPU.ActiveCfg = Debug|Any CPU
		{46055DA6-44E2-4B42-99BA-46E5D4BA5C38}.Debug|Any CPU.Build.0 = Debug|Any CPU
		{46055DA6-44E2-4B42-99BA-46E5D4BA5C38}.Release|Any CPU.ActiveCfg = Release|Any CPU
		{46055DA6-44E2-4B42-99BA-46E5D4BA5C38}.Release|Any CPU.Build.0 = Release|Any CPU
	EndGlobalSection
	GlobalSection(SolutionProperties) = preSolution
		HideSolutionNode = FALSE
	EndGlobalSection
	GlobalSection(ExtensibilityGlobals) = postSolution
		SolutionGuid = {150C42C0-AEF6-46DA-AE5D-191FD4786253}
	EndGlobalSection
EndGlobal
